// !$*UTF8*$!
{
	archiveVersion = 1;
	classes = {
	};
	objectVersion = 50;
	objects = {

/* Begin PBXBuildFile section */
		50A2D57226E4879F00EABF2E /* AppDelegate.m in Sources */ = {isa = PBXBuildFile; fileRef = 50A2D57126E4879F00EABF2E /* AppDelegate.m */; };
		50A2D57526E4879F00EABF2E /* SceneDelegate.m in Sources */ = {isa = PBXBuildFile; fileRef = 50A2D57426E4879F00EABF2E /* SceneDelegate.m */; };
		50A2D57826E4879F00EABF2E /* ViewController.m in Sources */ = {isa = PBXBuildFile; fileRef = 50A2D57726E4879F00EABF2E /* ViewController.m */; };
		50A2D57B26E4879F00EABF2E /* Main.storyboard in Resources */ = {isa = PBXBuildFile; fileRef = 50A2D57926E4879F00EABF2E /* Main.storyboard */; };
		50A2D57D26E487A000EABF2E /* Assets.xcassets in Resources */ = {isa = PBXBuildFile; fileRef = 50A2D57C26E487A000EABF2E /* Assets.xcassets */; };
		50A2D58026E487A000EABF2E /* LaunchScreen.storyboard in Resources */ = {isa = PBXBuildFile; fileRef = 50A2D57E26E487A000EABF2E /* LaunchScreen.storyboard */; };
		50A2D58326E487A000EABF2E /* main.m in Sources */ = {isa = PBXBuildFile; fileRef = 50A2D58226E487A000EABF2E /* main.m */; };
		50A2D58C26E487C500EABF2E /* DYMusicView.m in Sources */ = {isa = PBXBuildFile; fileRef = 50A2D58A26E487C500EABF2E /* DYMusicView.m */; };
/* End PBXBuildFile section */

/* Begin PBXFileReference section */
		50A2D56D26E4879F00EABF2E /* DYMusicView.app */ = {isa = PBXFileReference; explicitFileType = wrapper.application; includeInIndex = 0; path = DYMusicView.app; sourceTree = BUILT_PRODUCTS_DIR; };
		50A2D57026E4879F00EABF2E /* AppDelegate.h */ = {isa = PBXFileReference; lastKnownFileType = sourcecode.c.h; path = AppDelegate.h; sourceTree = "<group>"; };
		50A2D57126E4879F00EABF2E /* AppDelegate.m */ = {isa = PBXFileReference; lastKnownFileType = sourcecode.c.objc; path = AppDelegate.m; sourceTree = "<group>"; };
		50A2D57326E4879F00EABF2E /* SceneDelegate.h */ = {isa = PBXFileReference; lastKnownFileType = sourcecode.c.h; path = SceneDelegate.h; sourceTree = "<group>"; };
		50A2D57426E4879F00EABF2E /* SceneDelegate.m */ = {isa = PBXFileReference; lastKnownFileType = sourcecode.c.objc; path = SceneDelegate.m; sourceTree = "<group>"; };
		50A2D57626E4879F00EABF2E /* ViewController.h */ = {isa = PBXFileReference; lastKnownFileType = sourcecode.c.h; path = ViewController.h; sourceTree = "<group>"; };
		50A2D57726E4879F00EABF2E /* ViewController.m */ = {isa = PBXFileReference; lastKnownFileType = sourcecode.c.objc; path = ViewController.m; sourceTree = "<group>"; };
		50A2D57A26E4879F00EABF2E /* Base */ = {isa = PBXFileReference; lastKnownFileType = file.storyboard; name = Base; path = Base.lproj/Main.storyboard; sourceTree = "<group>"; };
		50A2D57C26E487A000EABF2E /* Assets.xcassets */ = {isa = PBXFileReference; lastKnownFileType = folder.assetcatalog; path = Assets.xcassets; sourceTree = "<group>"; };
		50A2D57F26E487A000EABF2E /* Base */ = {isa = PBXFileReference; lastKnownFileType = file.storyboard; name = Base; path = Base.lproj/LaunchScreen.storyboard; sourceTree = "<group>"; };
		50A2D58126E487A000EABF2E /* Info.plist */ = {isa = PBXFileReference; lastKnownFileType = text.plist.xml; path = Info.plist; sourceTree = "<group>"; };
		50A2D58226E487A000EABF2E /* main.m */ = {isa = PBXFileReference; lastKnownFileType = sourcecode.c.objc; path = main.m; sourceTree = "<group>"; };
		50A2D58A26E487C500EABF2E /* DYMusicView.m */ = {isa = PBXFileReference; fileEncoding = 4; lastKnownFileType = sourcecode.c.objc; path = DYMusicView.m; sourceTree = "<group>"; };
		50A2D58B26E487C500EABF2E /* DYMusicView.h */ = {isa = PBXFileReference; fileEncoding = 4; lastKnownFileType = sourcecode.c.h; path = DYMusicView.h; sourceTree = "<group>"; };
/* End PBXFileReference section */

/* Begin PBXFrameworksBuildPhase section */
		50A2D56A26E4879F00EABF2E /* Frameworks */ = {
			isa = PBXFrameworksBuildPhase;
			buildActionMask = 2147483647;
			files = (
			);
			runOnlyForDeploymentPostprocessing = 0;
		};
/* End PBXFrameworksBuildPhase section */

/* Begin PBXGroup section */
		50A2D56426E4879F00EABF2E = {
			isa = PBXGroup;
			children = (
				50A2D56F26E4879F00EABF2E /* DYMusicView */,
				50A2D56E26E4879F00EABF2E /* Products */,
			);
			sourceTree = "<group>";
		};
		50A2D56E26E4879F00EABF2E /* Products */ = {
			isa = PBXGroup;
			children = (
				50A2D56D26E4879F00EABF2E /* DYMusicView.app */,
			);
			name = Products;
			sourceTree = "<group>";
		};
		50A2D56F26E4879F00EABF2E /* DYMusicView */ = {
			isa = PBXGroup;
			children = (
				50A2D57026E4879F00EABF2E /* AppDelegate.h */,
				50A2D57126E4879F00EABF2E /* AppDelegate.m */,
				50A2D57326E4879F00EABF2E /* SceneDelegate.h */,
				50A2D57426E4879F00EABF2E /* SceneDelegate.m */,
				50A2D57626E4879F00EABF2E /* ViewController.h */,
				50A2D57726E4879F00EABF2E /* ViewController.m */,
				50A2D58B26E487C500EABF2E /* DYMusicView.h */,
				50A2D58A26E487C500EABF2E /* DYMusicView.m */,
				50A2D57926E4879F00EABF2E /* Main.storyboard */,
				50A2D57C26E487A000EABF2E /* Assets.xcassets */,
				50A2D57E26E487A000EABF2E /* LaunchScreen.storyboard */,
				50A2D58126E487A000EABF2E /* Info.plist */,
				50A2D58226E487A000EABF2E /* main.m */,
			);
			path = DYMusicView;
			sourceTree = "<group>";
		};
/* End PBXGroup section */

/* Begin PBXNativeTarget section */
		50A2D56C26E4879F00EABF2E /* DYMusicView */ = {
			isa = PBXNativeTarget;
			buildConfigurationList = 50A2D58626E487A000EABF2E /* Build configuration list for PBXNativeTarget "DYMusicView" */;
			buildPhases = (
				50A2D56926E4879F00EABF2E /* Sources */,
				50A2D56A26E4879F00EABF2E /* Frameworks */,
				50A2D56B26E4879F00EABF2E /* Resources */,
			);
			buildRules = (
			);
			dependencies = (
			);
			name = DYMusicView;
			productName = DYMusicView;
			productReference = 50A2D56D26E4879F00EABF2E /* DYMusicView.app */;
			productType = "com.apple.product-type.application";
		};
/* End PBXNativeTarget section */

/* Begin PBXProject section */
		50A2D56526E4879F00EABF2E /* Project object */ = {
			isa = PBXProject;
			attributes = {
				LastUpgradeCheck = 1240;
				TargetAttributes = {
					50A2D56C26E4879F00EABF2E = {
						CreatedOnToolsVersion = 12.4;
					};
				};
			};
			buildConfigurationList = 50A2D56826E4879F00EABF2E /* Build configuration list for PBXProject "DYMusicView" */;
			compatibilityVersion = "Xcode 9.3";
			developmentRegion = en;
			hasScannedForEncodings = 0;
			knownRegions = (
				en,
				Base,
			);
			mainGroup = 50A2D56426E4879F00EABF2E;
			productRefGroup = 50A2D56E26E4879F00EABF2E /* Products */;
			projectDirPath = "";
			projectRoot = "";
			targets = (
				50A2D56C26E4879F00EABF2E /* DYMusicView */,
			);
		};
/* End PBXProject section */

/* Begin PBXResourcesBuildPhase section */
		50A2D56B26E4879F00EABF2E /* Resources */ = {
			isa = PBXResourcesBuildPhase;
			buildActionMask = 2147483647;
			files = (
				50A2D58026E487A000EABF2E /* LaunchScreen.storyboard in Resources */,
				50A2D57D26E487A000EABF2E /* Assets.xcassets in Resources */,
				50A2D57B26E4879F00EABF2E /* Main.storyboard in Resources */,
			);
			runOnlyForDeploymentPostprocessing = 0;
		};
/* End PBXResourcesBuildPhase section */

/* Begin PBXSourcesBuildPhase section */
		50A2D56926E4879F00EABF2E /* Sources */ = {
			isa = PBXSourcesBuildPhase;
			buildActionMask = 2147483647;
			files = (
				50A2D57826E4879F00EABF2E /* ViewController.m in Sources */,
				50A2D57226E4879F00EABF2E /* AppDelegate.m in Sources */,
				50A2D58C26E487C500EABF2E /* DYMusicView.m in Sources */,
				50A2D58326E487A000EABF2E /* main.m in Sources */,
				50A2D57526E4879F00EABF2E /* SceneDelegate.m in Sources */,
			);
			runOnlyForDeploymentPostprocessing = 0;
		};
/* End PBXSourcesBuildPhase section */

/* Begin PBXVariantGroup section */
		50A2D57926E4879F00EABF2E /* Main.storyboard */ = {
			isa = PBXVariantGroup;
			children = (
				50A2D57A26E4879F00EABF2E /* Base */,
			);
			name = Main.storyboard;
			sourceTree = "<group>";
		};
		50A2D57E26E487A000EABF2E /* LaunchScreen.storyboard */ = {
			isa = PBXVariantGroup;
			children = (
				50A2D57F26E487A000EABF2E /* Base */,
			);
			name = LaunchScreen.storyboard;
			sourceTree = "<group>";
		};
/* End PBXVariantGroup section */

/* Begin XCBuildConfiguration section */
		50A2D58426E487A000EABF2E /* Debug */ = {
			isa = XCBuildConfiguration;
			buildSettings = {
				ALWAYS_SEARCH_USER_PATHS = NO;
				CLANG_ANALYZER_NONNULL = YES;
				CLANG_ANALYZER_NUMBER_OBJECT_CONVERSION = YES_AGGRESSIVE;
				CLANG_CXX_LANGUAGE_STANDARD = "gnu++14";
				CLANG_CXX_LIBRARY = "libc++";
				CLANG_ENABLE_MODULES = YES;
				CLANG_ENABLE_OBJC_ARC = YES;
				CLANG_ENABLE_OBJC_WEAK = YES;
				CLANG_WARN_BLOCK_CAPTURE_AUTORELEASING = YES;
				CLANG_WARN_BOOL_CONVERSION = YES;
				CLANG_WARN_COMMA = YES;
				CLANG_WARN_CONSTANT_CONVERSION = YES;
				CLANG_WARN_DEPRECATED_OBJC_IMPLEMENTATIONS = YES;
				CLANG_WARN_DIRECT_OBJC_ISA_USAGE = YES_ERROR;
				CLANG_WARN_DOCUMENTATION_COMMENTS = YES;
				CLANG_WARN_EMPTY_BODY = YES;
				CLANG_WARN_ENUM_CONVERSION = YES;
				CLANG_WARN_INFINITE_RECURSION = YES;
				CLANG_WARN_INT_CONVERSION = YES;
				CLANG_WARN_NON_LITERAL_NULL_CONVERSION = YES;
				CLANG_WARN_OBJC_IMPLICIT_RETAIN_SELF = YES;
				CLANG_WARN_OBJC_LITERAL_CONVERSION = YES;
				CLANG_WARN_OBJC_ROOT_CLASS = YES_ERROR;
				CLANG_WARN_QUOTED_INCLUDE_IN_FRAMEWORK_HEADER = YES;
				CLANG_WARN_RANGE_LOOP_ANALYSIS = YES;
				CLANG_WARN_STRICT_PROTOTYPES = YES;
				CLANG_WARN_SUSPICIOUS_MOVE = YES;
				CLANG_WARN_UNGUARDED_AVAILABILITY = YES_AGGRESSIVE;
				CLANG_WARN_UNREACHABLE_CODE = YES;
				CLANG_WARN__DUPLICATE_METHOD_MATCH = YES;
				COPY_PHASE_STRIP = NO;
				DEBUG_INFORMATION_FORMAT = dwarf;
				ENABLE_STRICT_OBJC_MSGSEND = YES;
				ENABLE_TESTABILITY = YES;
				GCC_C_LANGUAGE_STANDARD = gnu11;
				GCC_DYNAMIC_NO_PIC = NO;
				GCC_NO_COMMON_BLOCKS = YES;
				GCC_OPTIMIZATION_LEVEL = 0;
				GCC_PREPROCESSOR_DEFINITIONS = (
					"DEBUG=1",
					"$(inherited)",
				);
				GCC_WARN_64_TO_32_BIT_CONVERSION = YES;
				GCC_WARN_ABOUT_RETURN_TYPE = YES_ERROR;
				GCC_WARN_UNDECLARED_SELECTOR = YES;
				GCC_WARN_UNINITIALIZED_AUTOS = YES_AGGRESSIVE;
				GCC_WARN_UNUSED_FUNCTION = YES;
				GCC_WARN_UNUSED_VARIABLE = YES;
				IPHONEOS_DEPLOYMENT_TARGET = 14.4;
				MTL_ENABLE_DEBUG_INFO = INCLUDE_SOURCE;
				MTL_FAST_MATH = YES;
				ONLY_ACTIVE_ARCH = YES;
				SDKROOT = iphoneos;
			};
			name = Debug;
		};
		50A2D58526E487A000EABF2E /* Release */ = {
			isa = XCBuildConfiguration;
			buildSettings = {
				ALWAYS_SEARCH_USER_PATHS = NO;
				CLANG_ANALYZER_NONNULL = YES;
				CLANG_ANALYZER_NUMBER_OBJECT_CONVERSION = YES_AGGRESSIVE;
				CLANG_CXX_LANGUAGE_STANDARD = "gnu++14";
				CLANG_CXX_LIBRARY = "libc++";
				CLANG_ENABLE_MODULES = YES;
				CLANG_ENABLE_OBJC_ARC = YES;
				CLANG_ENABLE_OBJC_WEAK = YES;
				CLANG_WARN_BLOCK_CAPTURE_AUTORELEASING = YES;
				CLANG_WARN_BOOL_CONVERSION = YES;
				CLANG_WARN_COMMA = YES;
				CLANG_WARN_CONSTANT_CONVERSION = YES;
				CLANG_WARN_DEPRECATED_OBJC_IMPLEMENTATIONS = YES;
				CLANG_WARN_DIRECT_OBJC_ISA_USAGE = YES_ERROR;
				CLANG_WARN_DOCUMENTATION_COMMENTS = YES;
				CLANG_WARN_EMPTY_BODY = YES;
				CLANG_WARN_ENUM_CONVERSION = YES;
				CLANG_WARN_INFINITE_RECURSION = YES;
				CLANG_WARN_INT_CONVERSION = YES;
				CLANG_WARN_NON_LITERAL_NULL_CONVERSION = YES;
				CLANG_WARN_OBJC_IMPLICIT_RETAIN_SELF = YES;
				CLANG_WARN_OBJC_LITERAL_CONVERSION = YES;
				CLANG_WARN_OBJC_ROOT_CLASS = YES_ERROR;
				CLANG_WARN_QUOTED_INCLUDE_IN_FRAMEWORK_HEADER = YES;
				CLANG_WARN_RANGE_LOOP_ANALYSIS = YES;
				CLANG_WARN_STRICT_PROTOTYPES = YES;
				CLANG_WARN_SUSPICIOUS_MOVE = YES;
				CLANG_WARN_UNGUARDED_AVAILABILITY = YES_AGGRESSIVE;
				CLANG_WARN_UNREACHABLE_CODE = YES;
				CLANG_WARN__DUPLICATE_METHOD_MATCH = YES;
				COPY_PHASE_STRIP = NO;
				DEBUG_INFORMATION_FORMAT = "dwarf-with-dsym";
				ENABLE_NS_ASSERTIONS = NO;
				ENABLE_STRICT_OBJC_MSGSEND = YES;
				GCC_C_LANGUAGE_STANDARD = gnu11;
				GCC_NO_COMMON_BLOCKS = YES;
				GCC_WARN_64_TO_32_BIT_CONVERSION = YES;
				GCC_WARN_ABOUT_RETURN_TYPE = YES_ERROR;
				GCC_WARN_UNDECLARED_SELECTOR = YES;
				GCC_WARN_UNINITIALIZED_AUTOS = YES_AGGRESSIVE;
				GCC_WARN_UNUSED_FUNCTION = YES;
				GCC_WARN_UNUSED_VARIABLE = YES;
				IPHONEOS_DEPLOYMENT_TARGET = 14.4;
				MTL_ENABLE_DEBUG_INFO = NO;
				MTL_FAST_MATH = YES;
				SDKROOT = iphoneos;
				VALIDATE_PRODUCT = YES;
			};
			name = Release;
		};
		50A2D58726E487A000EABF2E /* Debug */ = {
			isa = XCBuildConfiguration;
			buildSettings = {
				ASSETCATALOG_COMPILER_APPICON_NAME = AppIcon;
				ASSETCATALOG_COMPILER_GLOBAL_ACCENT_COLOR_NAME = AccentColor;
				CODE_SIGN_STYLE = Automatic;
				DEVELOPMENT_TEAM = 8SN6MV9Q5H;
				INFOPLIST_FILE = DYMusicView/Info.plist;
				LD_RUNPATH_SEARCH_PATHS = (
					"$(inherited)",
					"@executable_path/Frameworks",
				);
				PRODUCT_BUNDLE_IDENTIFIER = LYW.DYMusicView;
				PRODUCT_NAME = "$(TARGET_NAME)";
				TARGETED_DEVICE_FAMILY = "1,2";
			};
			name = Debug;
		};
		50A2D58826E487A000EABF2E /* Release */ = {
			isa = XCBuildConfiguration;
			buildSettings = {
				ASSETCATALOG_COMPILER_APPICON_NAME = AppIcon;
				ASSETCATALOG_COMPILER_GLOBAL_ACCENT_COLOR_NAME = AccentColor;
				CODE_SIGN_STYLE = Automatic;
				DEVELOPMENT_TEAM = 8SN6MV9Q5H;
				INFOPLIST_FILE = DYMusicView/Info.plist;
				LD_RUNPATH_SEARCH_PATHS = (
					"$(inherited)",
					"@executable_path/Frameworks",
				);
				PRODUCT_BUNDLE_IDENTIFIER = LYW.DYMusicView;
				PRODUCT_NAME = "$(TARGET_NAME)";
				TARGETED_DEVICE_FAMILY = "1,2";
			};
			name = Release;
		};
/* End XCBuildConfiguration section */

/* Begin XCConfigurationList section */
		50A2D56826E4879F00EABF2E /* Build configuration list for PBXProject "DYMusicView" */ = {
			isa = XCConfigurationList;
			buildConfigurations = (
				50A2D58426E487A000EABF2E /* Debug */,
				50A2D58526E487A000EABF2E /* Release */,
			);
			defaultConfigurationIsVisible = 0;
			defaultConfigurationName = Release;
		};
		50A2D58626E487A000EABF2E /* Build configuration list for PBXNativeTarget "DYMusicView" */ = {
			isa = XCConfigurationList;
			buildConfigurations = (
				50A2D58726E487A000EABF2E /* Debug */,
				50A2D58826E487A000EABF2E /* Release */,
			);
			defaultConfigurationIsVisible = 0;
			defaultConfigurationName = Release;
		};
/* End XCConfigurationList section */
	};
	rootObject = 50A2D56526E4879F00EABF2E /* Project object */;
}
